
Microsoft Visual Studio Solution File, Format Version 12.00
# Visual Studio 15
VisualStudioVersion = 15.0.28010.2046
MinimumVisualStudioVersion = 10.0.40219.1
Project("{FAE04EC0-301F-11D3-BF4B-00C04F79EFBC}") = "StartPovolgie", "StartPovolgie\StartPovolgie.csproj", "{777C0E9B-4D4D-4C60-A723-0F51241C772E}"
EndProject
Global
	GlobalSection(SolutionConfigurationPlatforms) = preSolution
		Debug|Any CPU = Debug|Any CPU
		Release|Any CPU = Release|Any CPU
	EndGlobalSection
	GlobalSection(ProjectConfigurationPlatforms) = postSolution
		{777C0E9B-4D4D-4C60-A723-0F51241C772E}.Debug|Any CPU.ActiveCfg = Debug|Any CPU
		{777C0E9B-4D4D-4C60-A723-0F51241C772E}.Debug|Any CPU.Build.0 = Debug|Any CPU
		{777C0E9B-4D4D-4C60-A723-0F51241C772E}.Release|Any CPU.ActiveCfg = Release|Any CPU
		{777C0E9B-4D4D-4C60-A723-0F51241C772E}.Release|Any CPU.Build.0 = Release|Any CPU
	EndGlobalSection
	GlobalSection(SolutionProperties) = preSolution
		HideSolutionNode = FALSE
	EndGlobalSection
	GlobalSection(ExtensibilityGlobals) = postSolution
		SolutionGuid = {E7C6BFA4-E59A-4A24-838C-16F3054FECDD}
	EndGlobalSection
EndGlobal
